
Microsoft Visual Studio Solution File, Format Version 12.00
# Visual Studio Version 17
VisualStudioVersion = 17.6.33815.320
MinimumVisualStudioVersion = 10.0.40219.1
Project("{FAE04EC0-301F-11D3-BF4B-00C04F79EFBC}") = "WebApplication1", "WebApplication1\WebApplication1.csproj", "{B9BFF331-43CC-4B84-ABCA-FFE9B3D79117}"
EndProject
Global
	GlobalSection(SolutionConfigurationPlatforms) = preSolution
		Debug|Any CPU = Debug|Any CPU
		Release|Any CPU = Release|Any CPU
	EndGlobalSection
	GlobalSection(ProjectConfigurationPlatforms) = postSolution
		{B9BFF331-43CC-4B84-ABCA-FFE9B3D79117}.Debug|Any CPU.ActiveCfg = Debug|Any CPU
		{B9BFF331-43CC-4B84-ABCA-FFE9B3D79117}.Debug|Any CPU.Build.0 = Debug|Any CPU
		{B9BFF331-43CC-4B84-ABCA-FFE9B3D79117}.Release|Any CPU.ActiveCfg = Release|Any CPU
		{B9BFF331-43CC-4B84-ABCA-FFE9B3D79117}.Release|Any CPU.Build.0 = Release|Any CPU
	EndGlobalSection
	GlobalSection(SolutionProperties) = preSolution
		HideSolutionNode = FALSE
	EndGlobalSection
	GlobalSection(ExtensibilityGlobals) = postSolution
		SolutionGuid = {8268509A-A6B7-4915-A2AF-5706B2A4EE2D}
	EndGlobalSection
EndGlobal
